{
  "name": "@streamr/cli-tools",
  "version": "4.1.0",
  "lockfileVersion": 1,
  "requires": true,
  "dependencies": {
    "@babel/runtime": {
      "version": "7.12.1",
      "resolved": "https://registry.npmjs.org/@babel/runtime/-/runtime-7.12.1.tgz",
      "integrity": "sha512-J5AIf3vPj3UwXaAzb5j1xM4WAQDX3EMgemF8rjCP3SoW09LfRKAXQKt6CoVYl230P6iWdRcBbnLDDdnqWxZSCA==",
      "requires": {
        "regenerator-runtime": "^0.13.4"
      }
    },
    "@babel/runtime-corejs3": {
      "version": "7.12.1",
      "resolved": "https://registry.npmjs.org/@babel/runtime-corejs3/-/runtime-corejs3-7.12.1.tgz",
      "integrity": "sha512-umhPIcMrlBZ2aTWlWjUseW9LjQKxi1dpFlQS8DzsxB//5K+u6GLTC/JliPKHsd5kJVPIU6X/Hy0YvWOYPcMxBw==",
      "requires": {
        "core-js-pure": "^3.0.0",
        "regenerator-runtime": "^0.13.4"
      }
    },
    "@ethersproject/abi": {
      "version": "5.0.7",
      "resolved": "https://registry.npmjs.org/@ethersproject/abi/-/abi-5.0.7.tgz",
      "integrity": "sha512-Cqktk+hSIckwP/W8O47Eef60VwmoSC/L3lY0+dIBhQPCNn9E4V7rwmm2aFrNRRDJfFlGuZ1khkQUOc3oBX+niw==",
      "requires": {
        "@ethersproject/address": "^5.0.4",
        "@ethersproject/bignumber": "^5.0.7",
        "@ethersproject/bytes": "^5.0.4",
        "@ethersproject/constants": "^5.0.4",
        "@ethersproject/hash": "^5.0.4",
        "@ethersproject/keccak256": "^5.0.3",
        "@ethersproject/logger": "^5.0.5",
        "@ethersproject/properties": "^5.0.3",
        "@ethersproject/strings": "^5.0.4"
      }
    },
    "@ethersproject/abstract-provider": {
      "version": "5.0.5",
      "resolved": "https://registry.npmjs.org/@ethersproject/abstract-provider/-/abstract-provider-5.0.5.tgz",
      "integrity": "sha512-i/CjElAkzV7vQBAeoz+IpjGfcFYEP9eD7j3fzZ0fzTq03DO7PPnR+xkEZ1IoDXGwDS+55aLM1xvLDwB/Lx6IOQ==",
      "requires": {
        "@ethersproject/bignumber": "^5.0.7",
        "@ethersproject/bytes": "^5.0.4",
        "@ethersproject/logger": "^5.0.5",
        "@ethersproject/networks": "^5.0.3",
        "@ethersproject/properties": "^5.0.3",
        "@ethersproject/transactions": "^5.0.5",
        "@ethersproject/web": "^5.0.6"
      }
    },
    "@ethersproject/abstract-signer": {
      "version": "5.0.7",
      "resolved": "https://registry.npmjs.org/@ethersproject/abstract-signer/-/abstract-signer-5.0.7.tgz",
      "integrity": "sha512-8W8gy/QutEL60EoMEpvxZ8MFAEWs/JvH5nmZ6xeLXoZvmBCasGmxqHdYjo2cxg0nevkPkq9SeenSsBBZSCx+SQ==",
      "requires": {
        "@ethersproject/abstract-provider": "^5.0.4",
        "@ethersproject/bignumber": "^5.0.7",
        "@ethersproject/bytes": "^5.0.4",
        "@ethersproject/logger": "^5.0.5",
        "@ethersproject/properties": "^5.0.3"
      }
    },
    "@ethersproject/address": {
      "version": "5.0.5",
      "resolved": "https://registry.npmjs.org/@ethersproject/address/-/address-5.0.5.tgz",
      "integrity": "sha512-DpkQ6rwk9jTefrRsJzEm6nhRiJd9pvhn1xN0rw5N/jswXG5r7BLk/GVA0mMAVWAsYfvi2xSc5L41FMox43RYEA==",
      "requires": {
        "@ethersproject/bignumber": "^5.0.7",
        "@ethersproject/bytes": "^5.0.4",
        "@ethersproject/keccak256": "^5.0.3",
        "@ethersproject/logger": "^5.0.5",
        "@ethersproject/rlp": "^5.0.3",
        "bn.js": "^4.4.0"
      }
    },
    "@ethersproject/base64": {
      "version": "5.0.4",
      "resolved": "https://registry.npmjs.org/@ethersproject/base64/-/base64-5.0.4.tgz",
      "integrity": "sha512-4KRykQ7BQMeOXfvio1YITwHjxwBzh92UoXIdzxDE1p53CK28bbHPdsPNYo0wl0El7lJAMpT2SOdL0hhbWRnyIA==",
      "requires": {
        "@ethersproject/bytes": "^5.0.4"
      }
    },
    "@ethersproject/basex": {
      "version": "5.0.4",
      "resolved": "https://registry.npmjs.org/@ethersproject/basex/-/basex-5.0.4.tgz",
      "integrity": "sha512-ixIr/kKiAoSzOnSc777AGIOAhKai5Ivqr4HO/Gz+YG+xkfv6kqD6AW4ga9vM20Wwb0QBhh3LoRWTu4V1K+x9Ew==",
      "requires": {
        "@ethersproject/bytes": "^5.0.4",
        "@ethersproject/properties": "^5.0.3"
      }
    },
    "@ethersproject/bignumber": {
      "version": "5.0.8",
      "resolved": "https://registry.npmjs.org/@ethersproject/bignumber/-/bignumber-5.0.8.tgz",
      "integrity": "sha512-KXFVAFKS1jdTXYN8BE5Oj+ZfPMh28iRdFeNGBVT6cUFdtiPVqeXqc0ggvBqA3A1VoFFGgM7oAeaagA393aORHA==",
      "requires": {
        "@ethersproject/bytes": "^5.0.4",
        "@ethersproject/logger": "^5.0.5",
        "bn.js": "^4.4.0"
      }
    },
    "@ethersproject/bytes": {
      "version": "5.0.5",
      "resolved": "https://registry.npmjs.org/@ethersproject/bytes/-/bytes-5.0.5.tgz",
      "integrity": "sha512-IEj9HpZB+ACS6cZ+QQMTqmu/cnUK2fYNE6ms/PVxjoBjoxc6HCraLpam1KuRvreMy0i523PLmjN8OYeikRdcUQ==",
      "requires": {
        "@ethersproject/logger": "^5.0.5"
      }
    },
    "@ethersproject/constants": {
      "version": "5.0.5",
      "resolved": "https://registry.npmjs.org/@ethersproject/constants/-/constants-5.0.5.tgz",
      "integrity": "sha512-foaQVmxp2+ik9FrLUCtVrLZCj4M3Ibgkqvh+Xw/vFRSerkjVSYePApaVE5essxhoSlF1U9oXfWY09QI2AXtgKA==",
      "requires": {
        "@ethersproject/bignumber": "^5.0.7"
      }
    },
    "@ethersproject/contracts": {
      "version": "5.0.5",
      "resolved": "https://registry.npmjs.org/@ethersproject/contracts/-/contracts-5.0.5.tgz",
      "integrity": "sha512-tFI255lFbmbqMkgnuyhDWHl3yWqttPlReplYuVvDCT/SuvBjLR4ad2uipBlh1fh5X1ipK9ettAoV4S0HKim4Kw==",
      "requires": {
        "@ethersproject/abi": "^5.0.5",
        "@ethersproject/abstract-provider": "^5.0.4",
        "@ethersproject/abstract-signer": "^5.0.4",
        "@ethersproject/address": "^5.0.4",
        "@ethersproject/bignumber": "^5.0.7",
        "@ethersproject/bytes": "^5.0.4",
        "@ethersproject/constants": "^5.0.4",
        "@ethersproject/logger": "^5.0.5",
        "@ethersproject/properties": "^5.0.3"
      }
    },
    "@ethersproject/hash": {
      "version": "5.0.6",
      "resolved": "https://registry.npmjs.org/@ethersproject/hash/-/hash-5.0.6.tgz",
      "integrity": "sha512-Gvh57v6BWhwnud6l7tMfQm32PRQ2DYx2WaAAQmAxAfYvmzUkpQCBstnGeNMXIL8/2wdkvcB2u+WZRWaZtsFuUQ==",
      "requires": {
        "@ethersproject/abstract-signer": "^5.0.6",
        "@ethersproject/address": "^5.0.5",
        "@ethersproject/bignumber": "^5.0.8",
        "@ethersproject/bytes": "^5.0.4",
        "@ethersproject/keccak256": "^5.0.3",
        "@ethersproject/logger": "^5.0.5",
        "@ethersproject/properties": "^5.0.4",
        "@ethersproject/strings": "^5.0.4"
      }
    },
    "@ethersproject/hdnode": {
      "version": "5.0.5",
      "resolved": "https://registry.npmjs.org/@ethersproject/hdnode/-/hdnode-5.0.5.tgz",
      "integrity": "sha512-Ho4HZaK+KijE5adayvjAGusWMnT0mgwGa5hGMBofBOgX9nqiKf6Wxx68SXBGI1/L3rmKo6mlAjxUd8gefs0teQ==",
      "requires": {
        "@ethersproject/abstract-signer": "^5.0.4",
        "@ethersproject/basex": "^5.0.3",
        "@ethersproject/bignumber": "^5.0.7",
        "@ethersproject/bytes": "^5.0.4",
        "@ethersproject/logger": "^5.0.5",
        "@ethersproject/pbkdf2": "^5.0.3",
        "@ethersproject/properties": "^5.0.3",
        "@ethersproject/sha2": "^5.0.3",
        "@ethersproject/signing-key": "^5.0.4",
        "@ethersproject/strings": "^5.0.4",
        "@ethersproject/transactions": "^5.0.5",
        "@ethersproject/wordlists": "^5.0.4"
      }
    },
    "@ethersproject/json-wallets": {
      "version": "5.0.7",
      "resolved": "https://registry.npmjs.org/@ethersproject/json-wallets/-/json-wallets-5.0.7.tgz",
      "integrity": "sha512-dgOn9JtGgjT28mDXs4LYY2rT4CzS6bG/rxoYuPq3TLHIf6nmvBcr33Fee6RrM/y8UAx4gyIkf6wb2cXsOctvQQ==",
      "requires": {
        "@ethersproject/abstract-signer": "^5.0.4",
        "@ethersproject/address": "^5.0.4",
        "@ethersproject/bytes": "^5.0.4",
        "@ethersproject/hdnode": "^5.0.4",
        "@ethersproject/keccak256": "^5.0.3",
        "@ethersproject/logger": "^5.0.5",
        "@ethersproject/pbkdf2": "^5.0.3",
        "@ethersproject/properties": "^5.0.3",
        "@ethersproject/random": "^5.0.3",
        "@ethersproject/strings": "^5.0.4",
        "@ethersproject/transactions": "^5.0.5",
        "aes-js": "3.0.0",
        "scrypt-js": "3.0.1"
      }
    },
    "@ethersproject/keccak256": {
      "version": "5.0.4",
      "resolved": "https://registry.npmjs.org/@ethersproject/keccak256/-/keccak256-5.0.4.tgz",
      "integrity": "sha512-GNpiOUm9PGUxFNqOxYKDQBM0u68bG9XC9iOulEQ8I0tOx/4qUpgVzvgXL6ugxr0RY554Gz/NQsVqknqPzUcxpQ==",
      "requires": {
        "@ethersproject/bytes": "^5.0.4",
        "js-sha3": "0.5.7"
      }
    },
    "@ethersproject/logger": {
      "version": "5.0.6",
      "resolved": "https://registry.npmjs.org/@ethersproject/logger/-/logger-5.0.6.tgz",
      "integrity": "sha512-FrX0Vnb3JZ1md/7GIZfmJ06XOAA8r3q9Uqt9O5orr4ZiksnbpXKlyDzQtlZ5Yv18RS8CAUbiKH9vwidJg1BPmQ=="
    },
    "@ethersproject/networks": {
      "version": "5.0.4",
      "resolved": "https://registry.npmjs.org/@ethersproject/networks/-/networks-5.0.4.tgz",
      "integrity": "sha512-/wHDTRms5mpJ09BoDrbNdFWINzONe05wZRgohCXvEv39rrH/Gd/yAnct8wC0RsW3tmFOgjgQxuBvypIxuUynTw==",
      "requires": {
        "@ethersproject/logger": "^5.0.5"
      }
    },
    "@ethersproject/pbkdf2": {
      "version": "5.0.4",
      "resolved": "https://registry.npmjs.org/@ethersproject/pbkdf2/-/pbkdf2-5.0.4.tgz",
      "integrity": "sha512-9jVBjHXQKfr9+3bkCg01a8Cd1H9e+7Kw3ZMIvAxD0lZtuzrXsJxm1hVwY9KA+PRUvgS/9tTP4viXQYwLAax7zg==",
      "requires": {
        "@ethersproject/bytes": "^5.0.4",
        "@ethersproject/sha2": "^5.0.3"
      }
    },
    "@ethersproject/properties": {
      "version": "5.0.4",
      "resolved": "https://registry.npmjs.org/@ethersproject/properties/-/properties-5.0.4.tgz",
      "integrity": "sha512-UdyX3GqBxFt15B0uSESdDNmhvEbK3ACdDXl2soshoPcneXuTswHDeA0LoPlnaZzhbgk4p6jqb4GMms5C26Qu6A==",
      "requires": {
        "@ethersproject/logger": "^5.0.5"
      }
    },
    "@ethersproject/providers": {
      "version": "5.0.13",
      "resolved": "https://registry.npmjs.org/@ethersproject/providers/-/providers-5.0.13.tgz",
      "integrity": "sha512-5jsuk1FwXxmoQApGs8LSQyS43KP01pHA+6cQ1OPov5pT5Pcqe6ffh6UD1//BZ9Vjf+5e9AQqIk8w7FkGyROuCA==",
      "requires": {
        "@ethersproject/abstract-provider": "^5.0.4",
        "@ethersproject/abstract-signer": "^5.0.4",
        "@ethersproject/address": "^5.0.4",
        "@ethersproject/basex": "^5.0.3",
        "@ethersproject/bignumber": "^5.0.7",
        "@ethersproject/bytes": "^5.0.4",
        "@ethersproject/constants": "^5.0.4",
        "@ethersproject/hash": "^5.0.4",
        "@ethersproject/logger": "^5.0.5",
        "@ethersproject/networks": "^5.0.3",
        "@ethersproject/properties": "^5.0.3",
        "@ethersproject/random": "^5.0.3",
        "@ethersproject/rlp": "^5.0.3",
        "@ethersproject/sha2": "^5.0.3",
        "@ethersproject/strings": "^5.0.4",
        "@ethersproject/transactions": "^5.0.5",
        "@ethersproject/web": "^5.0.6",
        "bech32": "1.1.4",
        "ws": "7.2.3"
      },
      "dependencies": {
        "ws": {
          "version": "7.2.3",
          "resolved": "https://registry.npmjs.org/ws/-/ws-7.2.3.tgz",
          "integrity": "sha512-HTDl9G9hbkNDk98naoR/cHDws7+EyYMOdL1BmjsZXRUjf7d+MficC4B7HLUPlSiho0vg+CWKrGIt/VJBd1xunQ=="
        }
      }
    },
    "@ethersproject/random": {
      "version": "5.0.4",
      "resolved": "https://registry.npmjs.org/@ethersproject/random/-/random-5.0.4.tgz",
      "integrity": "sha512-AIZJhqs6Ba4/+U3lOjt3QZbP6b/kuuGLJUYFUonAgWmkTHwqsCwYnFvnHKQSUuHbXHvErp7WFXFlztx+yMn3kQ==",
      "requires": {
        "@ethersproject/bytes": "^5.0.4",
        "@ethersproject/logger": "^5.0.5"
      }
    },
    "@ethersproject/rlp": {
      "version": "5.0.4",
      "resolved": "https://registry.npmjs.org/@ethersproject/rlp/-/rlp-5.0.4.tgz",
      "integrity": "sha512-5qrrZad7VTjofxSsm7Zg/7Dr4ZOln4S2CqiDdOuTv6MBKnXj0CiBojXyuDy52M8O3wxH0CyE924hXWTDV1PQWQ==",
      "requires": {
        "@ethersproject/bytes": "^5.0.4",
        "@ethersproject/logger": "^5.0.5"
      }
    },
    "@ethersproject/sha2": {
      "version": "5.0.4",
      "resolved": "https://registry.npmjs.org/@ethersproject/sha2/-/sha2-5.0.4.tgz",
      "integrity": "sha512-0yFhf1mspxAfWdXXoPtK94adUeu1R7/FzAa+DfEiZTc76sz/vHXf0LSIazoR3znYKFny6haBxME+usbvvEcF3A==",
      "requires": {
        "@ethersproject/bytes": "^5.0.4",
        "@ethersproject/logger": "^5.0.5",
        "hash.js": "1.1.3"
      },
      "dependencies": {
        "hash.js": {
          "version": "1.1.3",
          "resolved": "https://registry.npmjs.org/hash.js/-/hash.js-1.1.3.tgz",
          "integrity": "sha512-/UETyP0W22QILqS+6HowevwhEFJ3MBJnwTf75Qob9Wz9t0DPuisL8kW8YZMK62dHAKE1c1p+gY1TtOLY+USEHA==",
          "requires": {
            "inherits": "^2.0.3",
            "minimalistic-assert": "^1.0.0"
          }
        }
      }
    },
    "@ethersproject/signing-key": {
      "version": "5.0.5",
      "resolved": "https://registry.npmjs.org/@ethersproject/signing-key/-/signing-key-5.0.5.tgz",
      "integrity": "sha512-Z1wY7JC1HVO4CvQWY2TyTTuAr8xK3bJijZw1a9G92JEmKdv1j255R/0YLBBcFTl2J65LUjtXynNJ2GbArPGi5g==",
      "requires": {
        "@ethersproject/bytes": "^5.0.4",
        "@ethersproject/logger": "^5.0.5",
        "@ethersproject/properties": "^5.0.3",
        "elliptic": "6.5.3"
      }
    },
    "@ethersproject/solidity": {
      "version": "5.0.5",
      "resolved": "https://registry.npmjs.org/@ethersproject/solidity/-/solidity-5.0.5.tgz",
      "integrity": "sha512-DMFQ0ouXmNVoKWbGEUFGi8Urli4SJip9jXafQyFHWPRr5oJUqDVkNfwcyC37k+mhBG93k7qrYXCH2xJnGEOxHg==",
      "requires": {
        "@ethersproject/bignumber": "^5.0.7",
        "@ethersproject/bytes": "^5.0.4",
        "@ethersproject/keccak256": "^5.0.3",
        "@ethersproject/sha2": "^5.0.3",
        "@ethersproject/strings": "^5.0.4"
      }
    },
    "@ethersproject/strings": {
      "version": "5.0.5",
      "resolved": "https://registry.npmjs.org/@ethersproject/strings/-/strings-5.0.5.tgz",
      "integrity": "sha512-JED6WaIV00xM/gvj8vSnd+0VWtDYdidTmavFRCTQakqfz+4tDo6Jz5LHgG+dd45h7ah7ykCHW0C7ZXWEDROCXQ==",
      "requires": {
        "@ethersproject/bytes": "^5.0.4",
        "@ethersproject/constants": "^5.0.4",
        "@ethersproject/logger": "^5.0.5"
      }
    },
    "@ethersproject/transactions": {
      "version": "5.0.6",
      "resolved": "https://registry.npmjs.org/@ethersproject/transactions/-/transactions-5.0.6.tgz",
      "integrity": "sha512-htsFhOD+NMBxx676A8ehSuwVV49iqpSB+CkjPZ02tpNew0K6p8g0CZ46Z1ZP946gIHAU80xQ0NACHYrjIUaCFA==",
      "requires": {
        "@ethersproject/address": "^5.0.4",
        "@ethersproject/bignumber": "^5.0.7",
        "@ethersproject/bytes": "^5.0.4",
        "@ethersproject/constants": "^5.0.4",
        "@ethersproject/keccak256": "^5.0.3",
        "@ethersproject/logger": "^5.0.5",
        "@ethersproject/properties": "^5.0.3",
        "@ethersproject/rlp": "^5.0.3",
        "@ethersproject/signing-key": "^5.0.4"
      }
    },
    "@ethersproject/units": {
      "version": "5.0.6",
      "resolved": "https://registry.npmjs.org/@ethersproject/units/-/units-5.0.6.tgz",
      "integrity": "sha512-tsJuy4mipppdmooukRfhXt8fGx9nxvfvG6Xdy0RDm7LzHsjghjwQ69m2bCpId6SDSR1Uq1cQ9irPiUBSyWolUA==",
      "requires": {
        "@ethersproject/bignumber": "^5.0.7",
        "@ethersproject/constants": "^5.0.4",
        "@ethersproject/logger": "^5.0.5"
      }
    },
    "@ethersproject/wallet": {
      "version": "5.0.6",
      "resolved": "https://registry.npmjs.org/@ethersproject/wallet/-/wallet-5.0.6.tgz",
      "integrity": "sha512-dRqx3+Degc5pvjaeeTHuk2EuTRM3b6ce/TiV0HRZhRXYnKyyjg0iYXEZo/b6p3rnV+Xhwxkc0+I/ISPkNpictA==",
      "requires": {
        "@ethersproject/abstract-provider": "^5.0.4",
        "@ethersproject/abstract-signer": "^5.0.4",
        "@ethersproject/address": "^5.0.4",
        "@ethersproject/bignumber": "^5.0.7",
        "@ethersproject/bytes": "^5.0.4",
        "@ethersproject/hash": "^5.0.4",
        "@ethersproject/hdnode": "^5.0.4",
        "@ethersproject/json-wallets": "^5.0.6",
        "@ethersproject/keccak256": "^5.0.3",
        "@ethersproject/logger": "^5.0.5",
        "@ethersproject/properties": "^5.0.3",
        "@ethersproject/random": "^5.0.3",
        "@ethersproject/signing-key": "^5.0.4",
        "@ethersproject/transactions": "^5.0.5",
        "@ethersproject/wordlists": "^5.0.4"
      }
    },
    "@ethersproject/web": {
      "version": "5.0.9",
      "resolved": "https://registry.npmjs.org/@ethersproject/web/-/web-5.0.9.tgz",
      "integrity": "sha512-//QNlv1MSkOII1hv3+HQwWoiVFS+BMVGI0KYeUww4cyrEktnx1QIez5bTSab9s9fWTFaWKNmQNBwMbxAqPuYDw==",
      "requires": {
        "@ethersproject/base64": "^5.0.3",
        "@ethersproject/bytes": "^5.0.4",
        "@ethersproject/logger": "^5.0.5",
        "@ethersproject/properties": "^5.0.3",
        "@ethersproject/strings": "^5.0.4"
      }
    },
    "@ethersproject/wordlists": {
      "version": "5.0.5",
      "resolved": "https://registry.npmjs.org/@ethersproject/wordlists/-/wordlists-5.0.5.tgz",
      "integrity": "sha512-XA3ycFltVrCTQt04w5nHu3Xq5Z6HjqWsXaAYQHFdqtugyUsIumaO9S5MOwFFuUYTNkZUoT3jCRa/OBS+K4tLfA==",
      "requires": {
        "@ethersproject/bytes": "^5.0.4",
        "@ethersproject/hash": "^5.0.4",
        "@ethersproject/logger": "^5.0.5",
        "@ethersproject/properties": "^5.0.3",
        "@ethersproject/strings": "^5.0.4"
      }
    },
    "@peculiar/asn1-schema": {
      "version": "2.0.23",
      "resolved": "https://registry.npmjs.org/@peculiar/asn1-schema/-/asn1-schema-2.0.23.tgz",
      "integrity": "sha512-dV1xQJiWTzwyjfAbvwTT+RTrS4UN9kPJuy92B6oGv572wPZxaoA8R+nxLX92jLz23L43CnLvxiBo+Rip59SWfw==",
      "requires": {
        "@types/asn1js": "^0.0.2",
        "asn1js": "^2.0.26",
        "pvtsutils": "^1.0.14",
        "tslib": "^2.0.2"
      }
    },
    "@peculiar/json-schema": {
      "version": "1.1.12",
      "resolved": "https://registry.npmjs.org/@peculiar/json-schema/-/json-schema-1.1.12.tgz",
      "integrity": "sha512-coUfuoMeIB7B8/NMekxaDzLhaYmp0HZNPEjYRm9goRou8UZIC3z21s0sL9AWoCw4EG876QyO3kYrc61WNF9B/w==",
      "requires": {
        "tslib": "^2.0.0"
      }
    },
    "@types/asn1js": {
      "version": "0.0.2",
      "resolved": "https://registry.npmjs.org/@types/asn1js/-/asn1js-0.0.2.tgz",
      "integrity": "sha512-xtLPq140WhPqvDZDpY70rTx4qTezHs+8htbhWQGuevBRQko8FRjFSO5WVTwXOwd3W5tQRxJ7eni30fDUP2q4wQ==",
      "requires": {
        "@types/pvutils": "*"
      }
    },
    "@types/pvutils": {
      "version": "0.0.2",
      "resolved": "https://registry.npmjs.org/@types/pvutils/-/pvutils-0.0.2.tgz",
      "integrity": "sha512-CgQAm7pjyeF3Gnv78ty4RBVIfluB+Td+2DR8iPaU0prF18pkzptHHP+DoKPfpsJYknKsVZyVsJEu5AuGgAqQ5w=="
    },
    "aes-js": {
      "version": "3.0.0",
      "resolved": "https://registry.npmjs.org/aes-js/-/aes-js-3.0.0.tgz",
      "integrity": "sha1-4h3xCtbCBTKVvLuNq0Cwnb6ofk0="
    },
    "array-uniq": {
      "version": "1.0.2",
      "resolved": "https://registry.npmjs.org/array-uniq/-/array-uniq-1.0.2.tgz",
      "integrity": "sha1-X8w3OSB3VyPP1k1lxkvvU7+eum0="
    },
    "asn1js": {
      "version": "2.0.26",
      "resolved": "https://registry.npmjs.org/asn1js/-/asn1js-2.0.26.tgz",
      "integrity": "sha512-yG89F0j9B4B0MKIcFyWWxnpZPLaNTjCj4tkE3fjbAoo0qmpGw0PYYqSbX/4ebnd9Icn8ZgK4K1fvDyEtW1JYtQ==",
      "requires": {
        "pvutils": "^1.0.17"
      }
    },
    "base64-js": {
      "version": "1.3.1",
      "resolved": "https://registry.npmjs.org/base64-js/-/base64-js-1.3.1.tgz",
      "integrity": "sha512-mLQ4i2QO1ytvGWFWmcngKO//JXAQueZvwEKtjgQFM4jIK0kU+ytMfplL8j+n5mspOfjHwoAg+9yhb7BwAHm36g=="
    },
    "bech32": {
      "version": "1.1.4",
      "resolved": "https://registry.npmjs.org/bech32/-/bech32-1.1.4.tgz",
      "integrity": "sha512-s0IrSOzLlbvX7yp4WBfPITzpAU8sqQcpsmwXDiKwrG4r491vwCO/XpejasRNl0piBMe/DvP4Tz0mIS/X1DPJBQ=="
    },
    "bn.js": {
      "version": "4.11.9",
      "resolved": "https://registry.npmjs.org/bn.js/-/bn.js-4.11.9.tgz",
      "integrity": "sha512-E6QoYqCKZfgatHTdHzs1RRKP7ip4vvm+EyRUeE2RF0NblwVvb0p6jSVeNTOFxPn26QXN2o6SMfNxKp6kU8zQaw=="
    },
    "brorand": {
      "version": "1.1.0",
      "resolved": "https://registry.npmjs.org/brorand/-/brorand-1.1.0.tgz",
      "integrity": "sha1-EsJe/kCkXjwyPrhnWgoM5XsiNx8="
    },
    "buffer": {
      "version": "5.6.0",
      "resolved": "https://registry.npmjs.org/buffer/-/buffer-5.6.0.tgz",
      "integrity": "sha512-/gDYp/UtU0eA1ys8bOs9J6a+E/KWIY+DZ+Q2WESNUA0jFRsJOc0SNUO6xJ5SGA1xueg3NL65W6s+NY5l9cunuw==",
      "requires": {
        "base64-js": "^1.0.2",
        "ieee754": "^1.1.4"
      }
    },
    "clone": {
      "version": "1.0.4",
      "resolved": "https://registry.npmjs.org/clone/-/clone-1.0.4.tgz",
      "integrity": "sha1-2jCcwmPfFZlMaIypAheco8fNfH4=",
      "optional": true
    },
    "commander": {
      "version": "6.1.0",
      "resolved": "https://registry.npmjs.org/commander/-/commander-6.1.0.tgz",
      "integrity": "sha512-wl7PNrYWd2y5mp1OK/LhTlv8Ff4kQJQRXXAvF+uU/TPNiVJUxZLRYGj/B0y/lPGAVcSbJqH2Za/cvHmrPMC8mA=="
    },
    "connection-parse": {
      "version": "0.0.7",
      "resolved": "https://registry.npmjs.org/connection-parse/-/connection-parse-0.0.7.tgz",
      "integrity": "sha1-GOcxiqsGppkmc3KxDFIm0locmmk="
    },
    "core-js": {
      "version": "3.6.5",
      "resolved": "https://registry.npmjs.org/core-js/-/core-js-3.6.5.tgz",
      "integrity": "sha512-vZVEEwZoIsI+vPEuoF9Iqf5H7/M3eeQqWlQnYa8FSKKePuYTf5MWnxb5SDAzCa60b3JBRS5g9b+Dq7b1y/RCrA=="
    },
    "core-js-pure": {
      "version": "3.6.5",
      "resolved": "https://registry.npmjs.org/core-js-pure/-/core-js-pure-3.6.5.tgz",
      "integrity": "sha512-lacdXOimsiD0QyNf9BC/mxivNJ/ybBGJXQFKzRekp1WTHoVUWsUHEn+2T8GJAzzIhyOuXA+gOxCVN3l+5PLPUA=="
    },
    "debug": {
      "version": "4.2.0",
      "resolved": "https://registry.npmjs.org/debug/-/debug-4.2.0.tgz",
      "integrity": "sha512-IX2ncY78vDTjZMFUdmsvIRFY2Cf4FnD0wRs+nQwJU8Lu99/tPFdb0VybiiMTPe3I6rQmwsqQqRBvxU+bZ/I8sg==",
      "requires": {
        "ms": "2.1.2"
      }
    },
    "defaults": {
      "version": "1.0.3",
      "resolved": "https://registry.npmjs.org/defaults/-/defaults-1.0.3.tgz",
      "integrity": "sha1-xlYFHpgX2f8I7YgUd/P+QBnz730=",
      "optional": true,
      "requires": {
        "clone": "^1.0.2"
      }
    },
    "duplexer": {
      "version": "0.1.1",
      "resolved": "https://registry.npmjs.org/duplexer/-/duplexer-0.1.1.tgz",
      "integrity": "sha1-rOb/gIwc5mtX0ev5eXessCM0z8E="
    },
    "easy-table": {
      "version": "1.1.1",
      "resolved": "https://registry.npmjs.org/easy-table/-/easy-table-1.1.1.tgz",
      "integrity": "sha512-C9Lvm0WFcn2RgxbMnTbXZenMIWcBtkzMr+dWqq/JsVoGFSVUVlPqeOa5LP5kM0I3zoOazFpckOEb2/0LDFfToQ==",
      "requires": {
        "ansi-regex": "^3.0.0",
        "wcwidth": ">=1.0.1"
      },
      "dependencies": {
        "ansi-regex": {
          "version": "3.0.0",
          "resolved": "https://registry.npmjs.org/ansi-regex/-/ansi-regex-3.0.0.tgz",
          "integrity": "sha1-7QMXwyIGT3lGbAKWa922Bas32Zg="
        }
      }
    },
    "elliptic": {
      "version": "6.5.3",
      "resolved": "https://registry.npmjs.org/elliptic/-/elliptic-6.5.3.tgz",
      "integrity": "sha512-IMqzv5wNQf+E6aHeIqATs0tOLeOTwj1QKbRcS3jBbYkl5oLAserA8yJTT7/VyHUYG91PRmPyeQDObKLPpeS4dw==",
      "requires": {
        "bn.js": "^4.4.0",
        "brorand": "^1.0.1",
        "hash.js": "^1.0.0",
        "hmac-drbg": "^1.0.0",
        "inherits": "^2.0.1",
        "minimalistic-assert": "^1.0.0",
        "minimalistic-crypto-utils": "^1.0.0"
      }
    },
    "ethers": {
      "version": "5.0.18",
      "resolved": "https://registry.npmjs.org/ethers/-/ethers-5.0.18.tgz",
      "integrity": "sha512-WCiKGfAt09hBS1HZspu+JTgeunFcUCVRhCXO8X+VadBJGTRlG722XXib79Vz2oyBperz90CcjkBPdNly61Ah4A==",
      "requires": {
        "@ethersproject/abi": "5.0.7",
        "@ethersproject/abstract-provider": "5.0.5",
        "@ethersproject/abstract-signer": "5.0.7",
        "@ethersproject/address": "5.0.5",
        "@ethersproject/base64": "5.0.4",
        "@ethersproject/basex": "5.0.4",
        "@ethersproject/bignumber": "5.0.8",
        "@ethersproject/bytes": "5.0.5",
        "@ethersproject/constants": "5.0.5",
        "@ethersproject/contracts": "5.0.5",
        "@ethersproject/hash": "5.0.6",
        "@ethersproject/hdnode": "5.0.5",
        "@ethersproject/json-wallets": "5.0.7",
        "@ethersproject/keccak256": "5.0.4",
        "@ethersproject/logger": "5.0.6",
        "@ethersproject/networks": "5.0.4",
        "@ethersproject/pbkdf2": "5.0.4",
        "@ethersproject/properties": "5.0.4",
        "@ethersproject/providers": "5.0.13",
        "@ethersproject/random": "5.0.4",
        "@ethersproject/rlp": "5.0.4",
        "@ethersproject/sha2": "5.0.4",
        "@ethersproject/signing-key": "5.0.5",
        "@ethersproject/solidity": "5.0.5",
        "@ethersproject/strings": "5.0.5",
        "@ethersproject/transactions": "5.0.6",
        "@ethersproject/units": "5.0.6",
        "@ethersproject/wallet": "5.0.6",
        "@ethersproject/web": "5.0.9",
        "@ethersproject/wordlists": "5.0.5"
      }
    },
    "event-stream": {
      "version": "4.0.1",
      "resolved": "https://registry.npmjs.org/event-stream/-/event-stream-4.0.1.tgz",
      "integrity": "sha512-qACXdu/9VHPBzcyhdOWR5/IahhGMf0roTeZJfzz077GwylcDd90yOHLouhmv7GJ5XzPi6ekaQWd8AvPP2nOvpA==",
      "requires": {
        "duplexer": "^0.1.1",
        "from": "^0.1.7",
        "map-stream": "0.0.7",
        "pause-stream": "^0.0.11",
        "split": "^1.0.1",
        "stream-combiner": "^0.2.2",
        "through": "^2.3.8"
      }
    },
    "eventemitter3": {
      "version": "4.0.7",
      "resolved": "https://registry.npmjs.org/eventemitter3/-/eventemitter3-4.0.7.tgz",
      "integrity": "sha512-8guHBZCwKnFhYdHr2ysuRWErTwhoN2X8XELRlrRwpmfeY2jjuUN4taQMsULKUVo1K4DvZl+0pgfyoysHxvmvEw=="
    },
    "from": {
      "version": "0.1.7",
      "resolved": "https://registry.npmjs.org/from/-/from-0.1.7.tgz",
      "integrity": "sha1-g8YK/Fi5xWmXAH7Rp2izqzA6RP4="
    },
    "hash.js": {
      "version": "1.1.7",
      "resolved": "https://registry.npmjs.org/hash.js/-/hash.js-1.1.7.tgz",
      "integrity": "sha512-taOaskGt4z4SOANNseOviYDvjEJinIkRgmp7LbKP2YTTmVxWBl87s/uzK9r+44BclBSp2X7K1hqeNfz9JbBeXA==",
      "requires": {
        "inherits": "^2.0.3",
        "minimalistic-assert": "^1.0.1"
      }
    },
    "hashring": {
      "version": "3.2.0",
      "resolved": "https://registry.npmjs.org/hashring/-/hashring-3.2.0.tgz",
      "integrity": "sha1-/aTv3oqiLNuX+x0qZeiEAeHBRM4=",
      "requires": {
        "connection-parse": "0.0.x",
        "simple-lru-cache": "0.0.x"
      }
    },
    "heap": {
      "version": "0.2.6",
      "resolved": "https://registry.npmjs.org/heap/-/heap-0.2.6.tgz",
      "integrity": "sha1-CH4fELBGky/IWU3Z5tN4r8nR5aw="
    },
    "hmac-drbg": {
      "version": "1.0.1",
      "resolved": "https://registry.npmjs.org/hmac-drbg/-/hmac-drbg-1.0.1.tgz",
      "integrity": "sha1-0nRXAQJabHdabFRXk+1QL8DGSaE=",
      "requires": {
        "hash.js": "^1.0.3",
        "minimalistic-assert": "^1.0.0",
        "minimalistic-crypto-utils": "^1.0.1"
      }
    },
    "ieee754": {
      "version": "1.1.13",
      "resolved": "https://registry.npmjs.org/ieee754/-/ieee754-1.1.13.tgz",
      "integrity": "sha512-4vf7I2LYV/HaWerSo3XmlMkp5eZ83i+/CDluXi/IGTs/O1sejBNhTtnxzmRZfvOUqj7lZjqHkeTvpgSFDlWZTg=="
    },
    "inherits": {
      "version": "2.0.4",
      "resolved": "https://registry.npmjs.org/inherits/-/inherits-2.0.4.tgz",
      "integrity": "sha512-k/vGaX4/Yla3WzyMCvTQOXYeIHvqOKtnqBduzTHpzpQZzAskKMhZ2K+EnBiSM9zGSoIFeMpXKxa4dYeZIQqewQ=="
    },
    "js-sha3": {
      "version": "0.5.7",
      "resolved": "https://registry.npmjs.org/js-sha3/-/js-sha3-0.5.7.tgz",
      "integrity": "sha1-DU/9gALVMzqrr0oj7tL2N0yfKOc="
    },
    "lodash.uniqueid": {
      "version": "4.0.1",
      "resolved": "https://registry.npmjs.org/lodash.uniqueid/-/lodash.uniqueid-4.0.1.tgz",
      "integrity": "sha1-MmjyanyI5PSxdY1nknGBTjH6WyY="
    },
    "map-stream": {
      "version": "0.0.7",
      "resolved": "https://registry.npmjs.org/map-stream/-/map-stream-0.0.7.tgz",
      "integrity": "sha1-ih8HiW2CsQkmvTdEokIACfiJdKg="
    },
    "minimalistic-assert": {
      "version": "1.0.1",
      "resolved": "https://registry.npmjs.org/minimalistic-assert/-/minimalistic-assert-1.0.1.tgz",
      "integrity": "sha512-UtJcAD4yEaGtjPezWuO9wC4nwUnVH/8/Im3yEHQP4b67cXlD/Qr9hdITCU1xDbSEXg2XKNaP8jsReV7vQd00/A=="
    },
    "minimalistic-crypto-utils": {
      "version": "1.0.1",
      "resolved": "https://registry.npmjs.org/minimalistic-crypto-utils/-/minimalistic-crypto-utils-1.0.1.tgz",
      "integrity": "sha1-9sAMHAsIIkblxNmd+4x8CDsrWCo="
    },
    "mkdirp": {
      "version": "1.0.4",
      "resolved": "https://registry.npmjs.org/mkdirp/-/mkdirp-1.0.4.tgz",
      "integrity": "sha512-vVqVZQyf3WLx2Shd0qJ9xuvqgAyKPLAiqITEtqW0oIUjzo3PePDd6fW9iFz30ef7Ysp/oiWqbhszeGWW2T6Gzw=="
    },
    "ms": {
      "version": "2.1.2",
      "resolved": "https://registry.npmjs.org/ms/-/ms-2.1.2.tgz",
      "integrity": "sha512-sGkPx+VjMtmA6MX27oA4FBFELFCZZ4S4XqeGOXCv68tT+jb3vk/RyaKWP0PTKyWtmLSM0b+adUTEvbs1PEaH2w=="
    },
    "nan": {
      "version": "2.14.2",
      "resolved": "https://registry.npmjs.org/nan/-/nan-2.14.2.tgz",
      "integrity": "sha512-M2ufzIiINKCuDfBSAUr1vWQ+vuVcA9kqx8JJUsbQi6yf1uGRyb7HfpdfUr5qLXf3B/t8dPvcjhKMmlfnP47EzQ=="
    },
    "node-addon-api": {
      "version": "2.0.2",
      "resolved": "https://registry.npmjs.org/node-addon-api/-/node-addon-api-2.0.2.tgz",
      "integrity": "sha512-Ntyt4AIXyaLIuMHF6IOoTakB3K+RWxwtsHNRxllEoA6vPwP9o4866g6YWDLUdnucilZhmkxiHwHr11gAENw+QA=="
    },
    "node-fetch": {
      "version": "2.6.1",
      "resolved": "https://registry.npmjs.org/node-fetch/-/node-fetch-2.6.1.tgz",
      "integrity": "sha512-V4aYg89jEoVRxRb2fJdAg8FHvI7cEyYdVAh94HH0UIK8oJxUfkjlDQN9RbMx+bEjP7+ggMiFRprSti032Oipxw=="
    },
    "node-gyp-build": {
      "version": "4.2.3",
      "resolved": "https://registry.npmjs.org/node-gyp-build/-/node-gyp-build-4.2.3.tgz",
      "integrity": "sha512-MN6ZpzmfNCRM+3t57PTJHgHyw/h4OWnZ6mR8P5j/uZtqQr46RRuDE/P+g3n0YR/AiYXeWixZZzaip77gdICfRg=="
    },
    "node-webcrypto-ossl": {
      "version": "2.1.2",
      "resolved": "https://registry.npmjs.org/node-webcrypto-ossl/-/node-webcrypto-ossl-2.1.2.tgz",
      "integrity": "sha512-EkrrRUWW+2QrsZ8PZfPSaRlWg38WOv2/mZTcW0l2SbEYERJ0G3OkW6kBiTpzUtcM+2PBaspNRZPfpBvvLp0NTQ==",
      "requires": {
        "mkdirp": "^1.0.4",
        "nan": "^2.14.1",
        "pvtsutils": "^1.0.11",
        "tslib": "^2.0.1",
        "webcrypto-core": "^1.1.6"
      }
    },
    "once": {
      "version": "1.4.0",
      "resolved": "https://registry.npmjs.org/once/-/once-1.4.0.tgz",
      "integrity": "sha1-WDsap3WWHUsROsF9nFC6753Xa9E=",
      "requires": {
        "wrappy": "1"
      }
    },
    "pause-stream": {
      "version": "0.0.11",
      "resolved": "https://registry.npmjs.org/pause-stream/-/pause-stream-0.0.11.tgz",
      "integrity": "sha1-/lo0sMvOErWqaitAPuLnO2AvFEU=",
      "requires": {
        "through": "~2.3"
      }
    },
    "promise-memoize": {
      "version": "1.2.1",
      "resolved": "https://registry.npmjs.org/promise-memoize/-/promise-memoize-1.2.1.tgz",
      "integrity": "sha1-cflVSpic9r+Jh7Q6UhMtXHkxJlc="
    },
    "pvtsutils": {
      "version": "1.0.14",
      "resolved": "https://registry.npmjs.org/pvtsutils/-/pvtsutils-1.0.14.tgz",
      "integrity": "sha512-X9SBWQ9ceNAEEgLweoE7m7P6LDnZ3pZADBq7utQQV4pQ1vj7uQIAXaAQRCz/4nKLKQRT9ZrHOuxailKqBiztrg==",
      "requires": {
        "tslib": "^2.0.1"
      }
    },
    "pvutils": {
      "version": "1.0.17",
      "resolved": "https://registry.npmjs.org/pvutils/-/pvutils-1.0.17.tgz",
      "integrity": "sha512-wLHYUQxWaXVQvKnwIDWFVKDJku9XDCvyhhxoq8dc5MFdIlRenyPI9eSfEtcvgHgD7FlvCyGAlWgOzRnZD99GZQ=="
    },
    "qs": {
      "version": "6.9.4",
      "resolved": "https://registry.npmjs.org/qs/-/qs-6.9.4.tgz",
      "integrity": "sha512-A1kFqHekCTM7cz0udomYUoYNWjBebHm/5wzU/XqrBRBNWectVH0QIiN+NEcZ0Dte5hvzHwbr8+XQmguPhJ6WdQ=="
    },
    "randomstring": {
      "version": "1.1.5",
      "resolved": "https://registry.npmjs.org/randomstring/-/randomstring-1.1.5.tgz",
      "integrity": "sha1-bfBij3XL1ZMpMNn+OrTpVqGFGMM=",
      "requires": {
        "array-uniq": "1.0.2"
      }
    },
    "receptacle": {
      "version": "1.3.2",
      "resolved": "https://registry.npmjs.org/receptacle/-/receptacle-1.3.2.tgz",
      "integrity": "sha512-HrsFvqZZheusncQRiEE7GatOAETrARKV/lnfYicIm8lbvp/JQOdADOfhjBd2DajvoszEyxSM6RlAAIZgEoeu/A==",
      "requires": {
        "ms": "^2.1.1"
      }
    },
    "regenerator-runtime": {
      "version": "0.13.7",
      "resolved": "https://registry.npmjs.org/regenerator-runtime/-/regenerator-runtime-0.13.7.tgz",
      "integrity": "sha512-a54FxoJDIr27pgf7IgeQGxmqUNYrcV338lf/6gH456HZ/PhX+5BcwHXG9ajESmwe6WRO0tAzRUrRmNONWgkrew=="
    },
    "scrypt-js": {
      "version": "3.0.1",
      "resolved": "https://registry.npmjs.org/scrypt-js/-/scrypt-js-3.0.1.tgz",
      "integrity": "sha512-cdwTTnqPu0Hyvf5in5asVdZocVDTNRmR7XEcJuIzMjJeSHybHl7vpB66AzwTaIg6CLSbtjcxc8fqcySfnTkccA=="
    },
    "secp256k1": {
      "version": "4.0.2",
      "resolved": "https://registry.npmjs.org/secp256k1/-/secp256k1-4.0.2.tgz",
      "integrity": "sha512-UDar4sKvWAksIlfX3xIaQReADn+WFnHvbVujpcbr+9Sf/69odMwy2MUsz5CKLQgX9nsIyrjuxL2imVyoNHa3fg==",
      "requires": {
        "elliptic": "^6.5.2",
        "node-addon-api": "^2.0.0",
        "node-gyp-build": "^4.2.0"
      }
    },
    "sha3": {
      "version": "2.1.3",
      "resolved": "https://registry.npmjs.org/sha3/-/sha3-2.1.3.tgz",
      "integrity": "sha512-Io53D4o9qOmf3Ow9p/DoGLQiQHhtuR0ulbyambvRSG+OX5yXExk2yYfvjHtb7AtOyk6K6+sPeK/qaowWc/E/GA==",
      "requires": {
        "buffer": "5.6.0"
      }
    },
    "simple-lru-cache": {
      "version": "0.0.2",
      "resolved": "https://registry.npmjs.org/simple-lru-cache/-/simple-lru-cache-0.0.2.tgz",
      "integrity": "sha1-1ZzDoZPBpdAyD4Tucy9uRxPlEd0="
    },
    "split": {
      "version": "1.0.1",
      "resolved": "https://registry.npmjs.org/split/-/split-1.0.1.tgz",
      "integrity": "sha512-mTyOoPbrivtXnwnIxZRFYRrPNtEFKlpB2fvjSnCQUiAA6qAZzqwna5envK4uk6OIeP17CsdF3rSBGYVBsU0Tkg==",
      "requires": {
        "through": "2"
      }
    },
    "stream-combiner": {
      "version": "0.2.2",
      "resolved": "https://registry.npmjs.org/stream-combiner/-/stream-combiner-0.2.2.tgz",
      "integrity": "sha1-rsjLrBd7Vrb0+kec7YwZEs7lKFg=",
      "requires": {
        "duplexer": "~0.1.1",
        "through": "~2.3.4"
      }
    },
    "streamr-client": {
      "version": "4.1.2",
      "resolved": "https://registry.npmjs.org/streamr-client/-/streamr-client-4.1.2.tgz",
      "integrity": "sha512-hNo0bcKjwQK4WPKY/JWcOndvI7W3gk+kGqvIQ9URRJADdSyYAPuvdOHYIiuyyyrNfNwkyQ4OMGm5SSAMTBSp6w==",
      "requires": {
        "@babel/runtime": "^7.11.2",
        "debug": "^4.1.1",
        "ethers": "^5.0.12",
        "eventemitter3": "^4.0.7",
        "lodash.uniqueid": "^4.0.1",
        "node-fetch": "^2.6.1",
        "node-webcrypto-ossl": "^2.1.1",
        "once": "^1.4.0",
        "promise-memoize": "^1.2.1",
        "qs": "^6.9.4",
        "randomstring": "^1.1.5",
        "receptacle": "^1.3.2",
        "streamr-client-protocol": "^5.0.0",
        "uuid": "^8.3.0",
        "webpack-node-externals": "^2.5.2",
        "ws": "^7.3.1"
      }
    },
    "streamr-client-protocol": {
      "version": "5.3.1",
      "resolved": "https://registry.npmjs.org/streamr-client-protocol/-/streamr-client-protocol-5.3.1.tgz",
      "integrity": "sha512-wEUlP/OCcmWv1A6e9xcd62Kyi8DkdLySuiHZlvETNsRzfQy6+c0C4C3avT04/dLdcvyD4B7zkvpMQCIKPrXRDQ==",
      "requires": {
        "@babel/runtime-corejs3": "^7.11.2",
        "core-js": "^3.6.5",
        "debug": "^4.2.0",
        "ethers": "^5.0.14",
        "eventemitter3": "^4.0.7",
        "hashring": "^3.2.0",
        "heap": "^0.2.6",
        "promise-memoize": "^1.2.1",
        "secp256k1": "^4.0.2",
        "sha3": "^2.1.3"
      }
    },
    "through": {
      "version": "2.3.8",
      "resolved": "https://registry.npmjs.org/through/-/through-2.3.8.tgz",
      "integrity": "sha1-DdTJ/6q8NXlgsbckEV1+Doai4fU="
    },
    "tslib": {
      "version": "2.0.3",
      "resolved": "https://registry.npmjs.org/tslib/-/tslib-2.0.3.tgz",
      "integrity": "sha512-uZtkfKblCEQtZKBF6EBXVZeQNl82yqtDQdv+eck8u7tdPxjLu2/lp5/uPW+um2tpuxINHWy3GhiccY7QgEaVHQ=="
    },
    "uuid": {
      "version": "8.3.1",
      "resolved": "https://registry.npmjs.org/uuid/-/uuid-8.3.1.tgz",
      "integrity": "sha512-FOmRr+FmWEIG8uhZv6C2bTgEVXsHk08kE7mPlrBbEe+c3r9pjceVPgupIfNIhc4yx55H69OXANrUaSuu9eInKg=="
    },
    "wcwidth": {
      "version": "1.0.1",
      "resolved": "https://registry.npmjs.org/wcwidth/-/wcwidth-1.0.1.tgz",
      "integrity": "sha1-8LDc+RW8X/FSivrbLA4XtTLaL+g=",
      "optional": true,
      "requires": {
        "defaults": "^1.0.3"
      }
    },
    "webcrypto-core": {
      "version": "1.1.8",
      "resolved": "https://registry.npmjs.org/webcrypto-core/-/webcrypto-core-1.1.8.tgz",
      "integrity": "sha512-hKnFXsqh0VloojNeTfrwFoRM4MnaWzH6vtXcaFcGjPEu+8HmBdQZnps3/2ikOFqS8bJN1RYr6mI2P/FJzyZnXg==",
      "requires": {
        "@peculiar/asn1-schema": "^2.0.12",
        "@peculiar/json-schema": "^1.1.12",
        "asn1js": "^2.0.26",
        "pvtsutils": "^1.0.11",
        "tslib": "^2.0.1"
      }
    },
    "webpack-node-externals": {
      "version": "2.5.2",
      "resolved": "https://registry.npmjs.org/webpack-node-externals/-/webpack-node-externals-2.5.2.tgz",
      "integrity": "sha512-aHdl/y2N7PW2Sx7K+r3AxpJO+aDMcYzMQd60Qxefq3+EwhewSbTBqNumOsCE1JsCUNoyfGj5465N0sSf6hc/5w=="
    },
    "wrappy": {
      "version": "1.0.2",
      "resolved": "https://registry.npmjs.org/wrappy/-/wrappy-1.0.2.tgz",
      "integrity": "sha1-tSQ9jz7BqjXxNkYFvA0QNuMKtp8="
    },
    "ws": {
      "version": "7.3.1",
      "resolved": "https://registry.npmjs.org/ws/-/ws-7.3.1.tgz",
      "integrity": "sha512-D3RuNkynyHmEJIpD2qrgVkc9DQ23OrN/moAwZX4L8DfvszsJxpjQuUq3LMx6HoYji9fbIOBY18XWBsAux1ZZUA=="
    }
  }
}
