{
	"name": "@streamr/dev-config",
	"version": "1.0.0",
	"lockfileVersion": 1,
	"requires": true,
	"dependencies": {
		"@jest/types": {
			"version": "27.1.1",
			"resolved": "https://registry.npmjs.org/@jest/types/-/types-27.1.1.tgz",
			"integrity": "sha512-yqJPDDseb0mXgKqmNqypCsb85C22K1aY5+LUxh7syIM9n/b0AsaltxNy+o6tt29VcfGDpYEve175bm3uOhcehA==",
			"requires": {
				"@types/istanbul-lib-coverage": "^2.0.0",
				"@types/istanbul-reports": "^3.0.0",
				"@types/node": "*",
				"@types/yargs": "^16.0.0",
				"chalk": "^4.0.0"
			}
		},
		"@tsconfig/node14": {
			"version": "1.0.1",
			"resolved": "https://registry.npmjs.org/@tsconfig/node14/-/node14-1.0.1.tgz",
			"integrity": "sha512-509r2+yARFfHHE7T6Puu2jjkoycftovhXRqW328PDXTVGKihlb1P8Z9mMZH04ebyajfRY7dedfGynlrFHJUQCg=="
		},
		"@types/istanbul-lib-coverage": {
			"version": "2.0.3",
			"resolved": "https://registry.npmjs.org/@types/istanbul-lib-coverage/-/istanbul-lib-coverage-2.0.3.tgz",
			"integrity": "sha512-sz7iLqvVUg1gIedBOvlkxPlc8/uVzyS5OwGz1cKjXzkl3FpL3al0crU8YGU1WoHkxn0Wxbw5tyi6hvzJKNzFsw=="
		},
		"@types/istanbul-lib-report": {
			"version": "3.0.0",
			"resolved": "https://registry.npmjs.org/@types/istanbul-lib-report/-/istanbul-lib-report-3.0.0.tgz",
			"integrity": "sha512-plGgXAPfVKFoYfa9NpYDAkseG+g6Jr294RqeqcqDixSbU34MZVJRi/P+7Y8GDpzkEwLaGZZOpKIEmeVZNtKsrg==",
			"requires": {
				"@types/istanbul-lib-coverage": "*"
			}
		},
		"@types/istanbul-reports": {
			"version": "3.0.1",
			"resolved": "https://registry.npmjs.org/@types/istanbul-reports/-/istanbul-reports-3.0.1.tgz",
			"integrity": "sha512-c3mAZEuK0lvBp8tmuL74XRKn1+y2dcwOUpH7x4WrF6gk1GIgiluDRgMYQtw2OFcBvAJWlt6ASU3tSqxp0Uu0Aw==",
			"requires": {
				"@types/istanbul-lib-report": "*"
			}
		},
		"@types/jest": {
			"version": "27.0.1",
			"resolved": "https://registry.npmjs.org/@types/jest/-/jest-27.0.1.tgz",
			"integrity": "sha512-HTLpVXHrY69556ozYkcq47TtQJXpcWAWfkoqz+ZGz2JnmZhzlRjprCIyFnetSy8gpDWwTTGBcRVv1J1I1vBrHw==",
			"requires": {
				"jest-diff": "^27.0.0",
				"pretty-format": "^27.0.0"
			}
		},
		"@types/node": {
			"version": "16.9.0",
			"resolved": "https://registry.npmjs.org/@types/node/-/node-16.9.0.tgz",
			"integrity": "sha512-nmP+VR4oT0pJUPFbKE4SXj3Yb4Q/kz3M9dSAO1GGMebRKWHQxLfDNmU/yh3xxCJha3N60nQ/JwXWwOE/ZSEVag=="
		},
		"@types/yargs": {
			"version": "16.0.4",
			"resolved": "https://registry.npmjs.org/@types/yargs/-/yargs-16.0.4.tgz",
			"integrity": "sha512-T8Yc9wt/5LbJyCaLiHPReJa0kApcIgJ7Bn735GjItUfh08Z1pJvu8QZqb9s+mMvKV6WUQRV7K2R46YbjMXTTJw==",
			"requires": {
				"@types/yargs-parser": "*"
			}
		},
		"@types/yargs-parser": {
			"version": "20.2.1",
			"resolved": "https://registry.npmjs.org/@types/yargs-parser/-/yargs-parser-20.2.1.tgz",
			"integrity": "sha512-7tFImggNeNBVMsn0vLrpn1H1uPrUBdnARPTpZoitY37ZrdJREzf7I16tMrlK3hen349gr1NYh8CmZQa7CTG6Aw=="
		},
		"ansi-regex": {
			"version": "5.0.0",
			"resolved": "https://registry.npmjs.org/ansi-regex/-/ansi-regex-5.0.0.tgz",
			"integrity": "sha512-bY6fj56OUQ0hU1KjFNDQuJFezqKdrAyFdIevADiqrWHwSlbmBNMHp5ak2f40Pm8JTFyM2mqxkG6ngkHO11f/lg=="
		},
		"ansi-styles": {
			"version": "4.3.0",
			"resolved": "https://registry.npmjs.org/ansi-styles/-/ansi-styles-4.3.0.tgz",
			"integrity": "sha512-zbB9rCJAT1rbjiVDb2hqKFHNYLxgtk8NURxZ3IZwD3F6NtxbXZQCnnSi1Lkx+IDohdPlFp222wVALIheZJQSEg==",
			"requires": {
				"color-convert": "^2.0.1"
			}
		},
		"bs-logger": {
			"version": "0.2.6",
			"resolved": "https://registry.npmjs.org/bs-logger/-/bs-logger-0.2.6.tgz",
			"integrity": "sha512-pd8DCoxmbgc7hyPKOvxtqNcjYoOsABPQdcCUjGp3d42VR2CX1ORhk2A87oqqu5R1kk+76nsxZupkmyd+MVtCog==",
			"dev": true,
			"requires": {
				"fast-json-stable-stringify": "2.x"
			}
		},
		"chalk": {
			"version": "4.1.2",
			"resolved": "https://registry.npmjs.org/chalk/-/chalk-4.1.2.tgz",
			"integrity": "sha512-oKnbhFyRIXpUuez8iBMmyEa4nbj4IOQyuhc/wy9kY7/WVPcwIO9VA668Pu8RkO7+0G76SLROeyw9CpQ061i4mA==",
			"requires": {
				"ansi-styles": "^4.1.0",
				"supports-color": "^7.1.0"
			}
		},
		"ci-info": {
			"version": "3.2.0",
			"resolved": "https://registry.npmjs.org/ci-info/-/ci-info-3.2.0.tgz",
			"integrity": "sha512-dVqRX7fLUm8J6FgHJ418XuIgDLZDkYcDFTeL6TA2gt5WlIZUQrrH6EZrNClwT/H0FateUsZkGIOPRrLbP+PR9A==",
			"dev": true
		},
		"color-convert": {
			"version": "2.0.1",
			"resolved": "https://registry.npmjs.org/color-convert/-/color-convert-2.0.1.tgz",
			"integrity": "sha512-RRECPsj7iu/xb5oKYcsFHSppFNnsj/52OVTRKb4zP5onXwVF3zVmmToNcOfGC+CRDpfK/U584fMg38ZHCaElKQ==",
			"requires": {
				"color-name": "~1.1.4"
			}
		},
		"color-name": {
			"version": "1.1.4",
			"resolved": "https://registry.npmjs.org/color-name/-/color-name-1.1.4.tgz",
			"integrity": "sha512-dOy+3AuW3a2wNbZHIuMZpTcgjGuLU/uBL/ubcZF9OXbDo8ff4O8yVp5Bf0efS8uEoYo5q4Fx7dY9OgQGXgAsQA=="
		},
		"diff-sequences": {
			"version": "27.0.6",
			"resolved": "https://registry.npmjs.org/diff-sequences/-/diff-sequences-27.0.6.tgz",
			"integrity": "sha512-ag6wfpBFyNXZ0p8pcuIDS//D8H062ZQJ3fzYxjpmeKjnz8W4pekL3AI8VohmyZmsWW2PWaHgjsmqR6L13101VQ=="
		},
		"fast-json-stable-stringify": {
			"version": "2.1.0",
			"resolved": "https://registry.npmjs.org/fast-json-stable-stringify/-/fast-json-stable-stringify-2.1.0.tgz",
			"integrity": "sha512-lhd/wF+Lk98HZoTCtlVraHtfh5XYijIjalXck7saUtuanSDyLMxnHhSXEDJqHxD7msR8D0uCmqlkwjCV8xvwHw==",
			"dev": true
		},
		"graceful-fs": {
			"version": "4.2.8",
			"resolved": "https://registry.npmjs.org/graceful-fs/-/graceful-fs-4.2.8.tgz",
			"integrity": "sha512-qkIilPUYcNhJpd33n0GBXTB1MMPp14TxEsEs0pTrsSVucApsYzW5V+Q8Qxhik6KU3evy+qkAAowTByymK0avdg==",
			"dev": true
		},
		"has-flag": {
			"version": "4.0.0",
			"resolved": "https://registry.npmjs.org/has-flag/-/has-flag-4.0.0.tgz",
			"integrity": "sha512-EykJT/Q1KjTWctppgIAgfSO0tKVuZUjhgMr17kqTumMl6Afv3EISleU7qZUzoXDFTAHTDC4NOoG/ZxU3EvlMPQ=="
		},
		"is-ci": {
			"version": "3.0.0",
			"resolved": "https://registry.npmjs.org/is-ci/-/is-ci-3.0.0.tgz",
			"integrity": "sha512-kDXyttuLeslKAHYL/K28F2YkM3x5jvFPEw3yXbRptXydjD9rpLEz+C5K5iutY9ZiUu6AP41JdvRQwF4Iqs4ZCQ==",
			"dev": true,
			"requires": {
				"ci-info": "^3.1.1"
			}
		},
		"jest-diff": {
			"version": "27.1.1",
			"resolved": "https://registry.npmjs.org/jest-diff/-/jest-diff-27.1.1.tgz",
			"integrity": "sha512-m/6n5158rqEriTazqHtBpOa2B/gGgXJijX6nsEgZfbJ/3pxQcdpVXBe+FP39b1dxWHyLVVmuVXddmAwtqFO4Lg==",
			"requires": {
				"chalk": "^4.0.0",
				"diff-sequences": "^27.0.6",
				"jest-get-type": "^27.0.6",
				"pretty-format": "^27.1.1"
			}
		},
		"jest-get-type": {
			"version": "27.0.6",
			"resolved": "https://registry.npmjs.org/jest-get-type/-/jest-get-type-27.0.6.tgz",
			"integrity": "sha512-XTkK5exIeUbbveehcSR8w0bhH+c0yloW/Wpl+9vZrjzztCPWrxhHwkIFpZzCt71oRBsgxmuUfxEqOYoZI2macg=="
		},
		"jest-util": {
			"version": "27.1.1",
			"resolved": "https://registry.npmjs.org/jest-util/-/jest-util-27.1.1.tgz",
			"integrity": "sha512-zf9nEbrASWn2mC/L91nNb0K+GkhFvi4MP6XJG2HqnHzHvLYcs7ou/In68xYU1i1dSkJlrWcYfWXQE8nVR+nbOA==",
			"dev": true,
			"requires": {
				"@jest/types": "^27.1.1",
				"@types/node": "*",
				"chalk": "^4.0.0",
				"graceful-fs": "^4.2.4",
				"is-ci": "^3.0.0",
				"picomatch": "^2.2.3"
			}
		},
		"json5": {
			"version": "2.2.0",
			"resolved": "https://registry.npmjs.org/json5/-/json5-2.2.0.tgz",
			"integrity": "sha512-f+8cldu7X/y7RAJurMEJmdoKXGB/X550w2Nr3tTbezL6RwEE/iMcm+tZnXeoZtKuOq6ft8+CqzEkrIgx1fPoQA==",
			"dev": true,
			"requires": {
				"minimist": "^1.2.5"
			}
		},
		"lodash": {
			"version": "4.17.21",
			"resolved": "https://registry.npmjs.org/lodash/-/lodash-4.17.21.tgz",
			"integrity": "sha512-v2kDEe57lecTulaDIuNTPy3Ry4gLGJ6Z1O3vE1krgXZNrsQ+LFTGHVxVjcXPs17LhbZVGedAJv8XZ1tvj5FvSg==",
			"dev": true
		},
		"lru-cache": {
			"version": "6.0.0",
			"resolved": "https://registry.npmjs.org/lru-cache/-/lru-cache-6.0.0.tgz",
			"integrity": "sha512-Jo6dJ04CmSjuznwJSS3pUeWmd/H0ffTlkXXgwZi+eq1UCmqQwCh+eLsYOYCwY991i2Fah4h1BEMCx4qThGbsiA==",
			"dev": true,
			"requires": {
				"yallist": "^4.0.0"
			}
		},
		"make-error": {
			"version": "1.3.6",
			"resolved": "https://registry.npmjs.org/make-error/-/make-error-1.3.6.tgz",
			"integrity": "sha512-s8UhlNe7vPKomQhC1qFelMokr/Sc3AgNbso3n74mVPA5LTZwkB9NlXf4XPamLxJE8h0gh73rM94xvwRT2CVInw==",
			"dev": true
		},
		"minimist": {
			"version": "1.2.5",
			"resolved": "https://registry.npmjs.org/minimist/-/minimist-1.2.5.tgz",
			"integrity": "sha512-FM9nNUYrRBAELZQT3xeZQ7fmMOBg6nWNmJKTcgsJeaLstP/UODVpGsr5OhXhhXg6f+qtJ8uiZ+PUxkDWcgIXLw==",
			"dev": true
		},
		"picomatch": {
			"version": "2.3.0",
			"resolved": "https://registry.npmjs.org/picomatch/-/picomatch-2.3.0.tgz",
			"integrity": "sha512-lY1Q/PiJGC2zOv/z391WOTD+Z02bCgsFfvxoXXf6h7kv9o+WmsmzYqrAwY63sNgOxE4xEdq0WyUnXfKeBrSvYw==",
			"dev": true
		},
		"pretty-format": {
			"version": "27.1.1",
			"resolved": "https://registry.npmjs.org/pretty-format/-/pretty-format-27.1.1.tgz",
			"integrity": "sha512-zdBi/xlstKJL42UH7goQti5Hip/B415w1Mfj+WWWYMBylAYtKESnXGUtVVcMVid9ReVjypCotUV6CEevYPHv2g==",
			"requires": {
				"@jest/types": "^27.1.1",
				"ansi-regex": "^5.0.0",
				"ansi-styles": "^5.0.0",
				"react-is": "^17.0.1"
			},
			"dependencies": {
				"ansi-styles": {
					"version": "5.2.0",
					"resolved": "https://registry.npmjs.org/ansi-styles/-/ansi-styles-5.2.0.tgz",
					"integrity": "sha512-Cxwpt2SfTzTtXcfOlzGEee8O+c+MmUgGrNiBcXnuWxuFJHe6a5Hz7qwhwe5OgaSYI0IJvkLqWX1ASG+cJOkEiA=="
				}
			}
		},
		"react-is": {
			"version": "17.0.2",
			"resolved": "https://registry.npmjs.org/react-is/-/react-is-17.0.2.tgz",
			"integrity": "sha512-w2GsyukL62IJnlaff/nRegPQR94C/XXamvMWmSHRJ4y7Ts/4ocGRmTHvOs8PSE6pB3dWOrD/nueuU5sduBsQ4w=="
		},
		"semver": {
			"version": "7.3.5",
			"resolved": "https://registry.npmjs.org/semver/-/semver-7.3.5.tgz",
			"integrity": "sha512-PoeGJYh8HK4BTO/a9Tf6ZG3veo/A7ZVsYrSA6J8ny9nb3B1VrpkuN+z9OE5wfE5p6H4LchYZsegiQgbJD94ZFQ==",
			"dev": true,
			"requires": {
				"lru-cache": "^6.0.0"
			}
		},
		"supports-color": {
			"version": "7.2.0",
			"resolved": "https://registry.npmjs.org/supports-color/-/supports-color-7.2.0.tgz",
			"integrity": "sha512-qpCAvRl9stuOHveKsn7HncJRvv501qIacKzQlO/+Lwxc9+0q2wLyv4Dfvt80/DPn2pqOBsJdDiogXGR9+OvwRw==",
			"requires": {
				"has-flag": "^4.0.0"
			}
		},
		"ts-jest": {
			"version": "27.0.5",
			"resolved": "https://registry.npmjs.org/ts-jest/-/ts-jest-27.0.5.tgz",
			"integrity": "sha512-lIJApzfTaSSbtlksfFNHkWOzLJuuSm4faFAfo5kvzOiRAuoN4/eKxVJ2zEAho8aecE04qX6K1pAzfH5QHL1/8w==",
			"dev": true,
			"requires": {
				"bs-logger": "0.x",
				"fast-json-stable-stringify": "2.x",
				"jest-util": "^27.0.0",
				"json5": "2.x",
				"lodash": "4.x",
				"make-error": "1.x",
				"semver": "7.x",
				"yargs-parser": "20.x"
			}
		},
		"typescript": {
			"version": "4.4.2",
			"resolved": "https://registry.npmjs.org/typescript/-/typescript-4.4.2.tgz",
			"integrity": "sha512-gzP+t5W4hdy4c+68bfcv0t400HVJMMd2+H9B7gae1nQlBzCqvrXX+6GL/b3GAgyTH966pzrZ70/fRjwAtZksSQ==",
			"dev": true
		},
		"yallist": {
			"version": "4.0.0",
			"resolved": "https://registry.npmjs.org/yallist/-/yallist-4.0.0.tgz",
			"integrity": "sha512-3wdGidZyq5PB084XLES5TpOSRA3wjXAlIWMhum2kRcv/41Sn2emQ0dycQW4uZXLejwKvg6EsvbdlVL+FYEct7A==",
			"dev": true
		},
		"yargs-parser": {
			"version": "20.2.9",
			"resolved": "https://registry.npmjs.org/yargs-parser/-/yargs-parser-20.2.9.tgz",
			"integrity": "sha512-y11nGElTIV+CT3Zv9t7VKl+Q3hTQoT9a1Qzezhhl6Rp21gJ/IVTW7Z3y9EWXhuUBC2Shnf+DX0antecpAwSP8w==",
			"dev": true
		}
	}
}
