{
  "name": "streamr-client-node-example",
  "version": "0.0.1",
  "lockfileVersion": 1,
  "requires": true,
  "dependencies": {
    "streamr-client": {
      "version": "0.10.2",
      "resolved": "https://registry.npmjs.org/streamr-client/-/streamr-client-0.10.2.tgz",
      "integrity": "sha512-BWpLF2C7nMukAG2QvDzBDHg12aLgaHCJ9gYMwCX13q6Ac9QT3D3ONfWpRfFK4S02yrPQsNg7QaVJhscdgk6EIg==",
      "requires": {
        "babel-runtime": "6.26.0",
        "debug": "3.1.0",
        "eventemitter3": "3.1.0",
        "node-fetch": "2.1.2",
        "querystring": "0.2.0",
        "ws": "5.2.0"
      },
      "dependencies": {
        "async-limiter": {
          "version": "1.0.0",
          "bundled": true
        },
        "babel-runtime": {
          "version": "6.26.0",
          "bundled": true,
          "requires": {
            "core-js": "2.5.7",
            "regenerator-runtime": "0.11.1"
          }
        },
        "core-js": {
          "version": "2.5.7",
          "bundled": true
        },
        "debug": {
          "version": "3.1.0",
          "bundled": true,
          "requires": {
            "ms": "2.0.0"
          }
        },
        "eventemitter3": {
          "version": "3.1.0",
          "bundled": true
        },
        "ms": {
          "version": "2.0.0",
          "bundled": true
        },
        "node-fetch": {
          "version": "2.1.2",
          "bundled": true
        },
        "querystring": {
          "version": "0.2.0",
          "bundled": true
        },
        "regenerator-runtime": {
          "version": "0.11.1",
          "bundled": true
        },
        "ws": {
          "version": "5.2.0",
          "bundled": true,
          "requires": {
            "async-limiter": "1.0.0"
          }
        }
      }
    }
  }
}
